
Microsoft Visual Studio Solution File, Format Version 12.00
# Visual Studio Version 16
VisualStudioVersion = 16.0.30413.136
MinimumVisualStudioVersion = 10.0.40219.1
Project("{FAE04EC0-301F-11D3-BF4B-00C04F79EFBC}") = "Лабораторная №1", "Лабораторная №1.csproj", "{2292D487-0DFA-46AD-BB19-2F65224DE803}"
EndProject
Global
	GlobalSection(SolutionConfigurationPlatforms) = preSolution
		Debug|Any CPU = Debug|Any CPU
		Release|Any CPU = Release|Any CPU
	EndGlobalSection
	GlobalSection(ProjectConfigurationPlatforms) = postSolution
		{2292D487-0DFA-46AD-BB19-2F65224DE803}.Debug|Any CPU.ActiveCfg = Debug|Any CPU
		{2292D487-0DFA-46AD-BB19-2F65224DE803}.Debug|Any CPU.Build.0 = Debug|Any CPU
		{2292D487-0DFA-46AD-BB19-2F65224DE803}.Release|Any CPU.ActiveCfg = Release|Any CPU
		{2292D487-0DFA-46AD-BB19-2F65224DE803}.Release|Any CPU.Build.0 = Release|Any CPU
	EndGlobalSection
	GlobalSection(SolutionProperties) = preSolution
		HideSolutionNode = FALSE
	EndGlobalSection
	GlobalSection(ExtensibilityGlobals) = postSolution
		SolutionGuid = {6ADF6C59-5482-47D9-92A0-5407EEFC68B9}
	EndGlobalSection
EndGlobal
